# Generated by pub
# See http://pub.dartlang.org/doc/glossary.html#lockfile
packages:
  mimetypes:
    description: mimetypes
    source: hosted
    version: "0.0.1"
  path:
    description: path
    source: hosted
    version: "1.0.0"
  pathos:
    description: pathos
    source: hosted
    version: "0.6.3+1"
  tic_development:
    description: tic_development
    source: hosted
    version: "0.0.1"
