{"packages":{"tic_development":{"version":"0.0.1","source":"path","description":"/Users/sam/Development/Projects/tic-development"},"web_ui":{"version":"0.3.0","source":"path","description":"/Users/sam/Development/Projects/third_party/web-ui"},"mimetypes":{"version":"0.0.1","source":"path","description":"/Users/sam/Development/Projects/mimetypes"},"html5lib":{"version":"0.3.0","source":"git","description":{"url":"git://github.com/dart-lang/html5lib.git","ref":null,"resolved-ref":"a28f1fb65d71b785ed73ecf663e1fb2ae24ea63c"}},"args":{"version":"0.3.1+1","source":"hosted","description":"args"},"browser":{"version":"0.0.1","source":"hosted","description":"browser"},"logging":{"version":"0.3.1+1","source":"hosted","description":"logging"},"js":{"version":"0.0.14","source":"hosted","description":"js"},"benchmark_harness":{"version":"1.0.2","source":"hosted","description":"benchmark_harness"},"unittest":{"version":"0.3.1+1","source":"hosted","description":"unittest"},"meta":{"version":"0.3.1+1","source":"hosted","description":"meta"}}}